// !$*UTF8*$!
{
	archiveVersion = 1;
	classes = {
	};
	objectVersion = 50;
	objects = {

/* Begin PBXBuildFile section */
		235FB5942569D032000B575A /* TimingNetworkMonitor.swift in Sources */ = {isa = PBXBuildFile; fileRef = 235FB5932569D032000B575A /* TimingNetworkMonitor.swift */; };
		23A1AA4D25682607009E847C /* NetworkClient.framework in Frameworks */ = {isa = PBXBuildFile; fileRef = 23A1A95425665457009E847C /* NetworkClient.framework */; };
		23A1AA4E25682607009E847C /* NetworkClient.framework in Embed Frameworks */ = {isa = PBXBuildFile; fileRef = 23A1A95425665457009E847C /* NetworkClient.framework */; settings = {ATTRIBUTES = (CodeSignOnCopy, RemoveHeadersOnCopy, ); }; };
		23B775972564421200D5CC4B /* Generated.swift in Sources */ = {isa = PBXBuildFile; fileRef = 23B775962564421200D5CC4B /* Generated.swift */; };
		23FF9EDB25643C3900266ABE /* DIDemoApp.swift in Sources */ = {isa = PBXBuildFile; fileRef = 23FF9EC825643C3800266ABE /* DIDemoApp.swift */; };
		23FF9EDD25643C3900266ABE /* ContentView.swift in Sources */ = {isa = PBXBuildFile; fileRef = 23FF9EC925643C3800266ABE /* ContentView.swift */; };
		23FF9EDF25643C3900266ABE /* Assets.xcassets in Resources */ = {isa = PBXBuildFile; fileRef = 23FF9ECA25643C3800266ABE /* Assets.xcassets */; };
		23FF9F0825643CB400266ABE /* ScopeZeroResource.swift in Sources */ = {isa = PBXBuildFile; fileRef = 23FF9F0325643CB400266ABE /* ScopeZeroResource.swift */; };
		23FF9F1725643FBF00266ABE /* DIUsage.swift in Sources */ = {isa = PBXBuildFile; fileRef = 23FF9F1625643FBF00266ABE /* DIUsage.swift */; };
		F71F075B25B64E5C00E633A0 /* DependencyKit.framework in Frameworks */ = {isa = PBXBuildFile; fileRef = F71F074E25B64D0800E633A0 /* DependencyKit.framework */; };
		F71F075C25B64E5C00E633A0 /* DependencyKit.framework in Embed Frameworks */ = {isa = PBXBuildFile; fileRef = F71F074E25B64D0800E633A0 /* DependencyKit.framework */; settings = {ATTRIBUTES = (CodeSignOnCopy, RemoveHeadersOnCopy, ); }; };
		F7C1E67425F5C7FD00B7F419 /* ScopeTwoResource.swift in Sources */ = {isa = PBXBuildFile; fileRef = F7C1E67225F5C7FD00B7F419 /* ScopeTwoResource.swift */; };
		F7C1E67525F5C7FD00B7F419 /* ScopeOneResource.swift in Sources */ = {isa = PBXBuildFile; fileRef = F7C1E67325F5C7FD00B7F419 /* ScopeOneResource.swift */; };
		F7C1E67E25F6A2BA00B7F419 /* ScopeThreeResource.swift in Sources */ = {isa = PBXBuildFile; fileRef = F7C1E67D25F6A2BA00B7F419 /* ScopeThreeResource.swift */; };
/* End PBXBuildFile section */

/* Begin PBXContainerItemProxy section */
		23A1A95325665457009E847C /* PBXContainerItemProxy */ = {
			isa = PBXContainerItemProxy;
			containerPortal = 23A1A94F25665456009E847C /* NetworkClient.xcodeproj */;
			proxyType = 2;
			remoteGlobalIDString = 23A1A94425665456009E847C;
			remoteInfo = NetworkClient;
		};
		F71F074D25B64D0800E633A0 /* PBXContainerItemProxy */ = {
			isa = PBXContainerItemProxy;
			containerPortal = F71F074925B64D0800E633A0 /* DependencyKit.xcodeproj */;
			proxyType = 2;
			remoteGlobalIDString = 23A1AA2A256824FE009E847C;
			remoteInfo = DependencyKit;
		};
/* End PBXContainerItemProxy section */

/* Begin PBXCopyFilesBuildPhase section */
		23A1AA4F25682608009E847C /* Embed Frameworks */ = {
			isa = PBXCopyFilesBuildPhase;
			buildActionMask = 2147483647;
			dstPath = "";
			dstSubfolderSpec = 10;
			files = (
				F71F075C25B64E5C00E633A0 /* DependencyKit.framework in Embed Frameworks */,
				23A1AA4E25682607009E847C /* NetworkClient.framework in Embed Frameworks */,
			);
			name = "Embed Frameworks";
			runOnlyForDeploymentPostprocessing = 0;
		};
/* End PBXCopyFilesBuildPhase section */

/* Begin PBXFileReference section */
		235FB5932569D032000B575A /* TimingNetworkMonitor.swift */ = {isa = PBXFileReference; lastKnownFileType = sourcecode.swift; path = TimingNetworkMonitor.swift; sourceTree = "<group>"; };
		23A1A94F25665456009E847C /* NetworkClient.xcodeproj */ = {isa = PBXFileReference; lastKnownFileType = "wrapper.pb-project"; name = NetworkClient.xcodeproj; path = NetworkClient/NetworkClient.xcodeproj; sourceTree = "<group>"; };
		23A1A9BD25668591009E847C /* DIDemoApp.entitlements */ = {isa = PBXFileReference; lastKnownFileType = text.plist.entitlements; path = DIDemoApp.entitlements; sourceTree = "<group>"; };
		23A1AA5025682673009E847C /* DependencyKit.framework */ = {isa = PBXFileReference; explicitFileType = wrapper.framework; path = DependencyKit.framework; sourceTree = BUILT_PRODUCTS_DIR; };
		23B775962564421200D5CC4B /* Generated.swift */ = {isa = PBXFileReference; fileEncoding = 4; lastKnownFileType = sourcecode.swift; path = Generated.swift; sourceTree = "<group>"; };
		23FF9EC825643C3800266ABE /* DIDemoApp.swift */ = {isa = PBXFileReference; lastKnownFileType = sourcecode.swift; path = DIDemoApp.swift; sourceTree = "<group>"; };
		23FF9EC925643C3800266ABE /* ContentView.swift */ = {isa = PBXFileReference; lastKnownFileType = sourcecode.swift; path = ContentView.swift; sourceTree = "<group>"; };
		23FF9ECA25643C3800266ABE /* Assets.xcassets */ = {isa = PBXFileReference; lastKnownFileType = folder.assetcatalog; path = Assets.xcassets; sourceTree = "<group>"; };
		23FF9ECF25643C3900266ABE /* DemoApp.app */ = {isa = PBXFileReference; explicitFileType = wrapper.application; includeInIndex = 0; path = DemoApp.app; sourceTree = BUILT_PRODUCTS_DIR; };
		23FF9ED225643C3900266ABE /* Info.plist */ = {isa = PBXFileReference; lastKnownFileType = text.plist.xml; path = Info.plist; sourceTree = "<group>"; };
		23FF9F0325643CB400266ABE /* ScopeZeroResource.swift */ = {isa = PBXFileReference; fileEncoding = 4; lastKnownFileType = sourcecode.swift; path = ScopeZeroResource.swift; sourceTree = "<group>"; };
		23FF9F1625643FBF00266ABE /* DIUsage.swift */ = {isa = PBXFileReference; fileEncoding = 4; lastKnownFileType = sourcecode.swift; path = DIUsage.swift; sourceTree = "<group>"; };
		F71F074925B64D0800E633A0 /* DependencyKit.xcodeproj */ = {isa = PBXFileReference; lastKnownFileType = "wrapper.pb-project"; name = DependencyKit.xcodeproj; path = DependencyKit/DependencyKit.xcodeproj; sourceTree = "<group>"; };
		F7C1E67225F5C7FD00B7F419 /* ScopeTwoResource.swift */ = {isa = PBXFileReference; fileEncoding = 4; lastKnownFileType = sourcecode.swift; path = ScopeTwoResource.swift; sourceTree = "<group>"; };
		F7C1E67325F5C7FD00B7F419 /* ScopeOneResource.swift */ = {isa = PBXFileReference; fileEncoding = 4; lastKnownFileType = sourcecode.swift; path = ScopeOneResource.swift; sourceTree = "<group>"; };
		F7C1E67D25F6A2BA00B7F419 /* ScopeThreeResource.swift */ = {isa = PBXFileReference; lastKnownFileType = sourcecode.swift; path = ScopeThreeResource.swift; sourceTree = "<group>"; };
		F7C1E69125FEA70700B7F419 /* DIConfig.yaml */ = {isa = PBXFileReference; lastKnownFileType = text.yaml; path = DIConfig.yaml; sourceTree = "<group>"; };
/* End PBXFileReference section */

/* Begin PBXFrameworksBuildPhase section */
		23FF9ECC25643C3900266ABE /* Frameworks */ = {
			isa = PBXFrameworksBuildPhase;
			buildActionMask = 2147483647;
			files = (
				F71F075B25B64E5C00E633A0 /* DependencyKit.framework in Frameworks */,
				23A1AA4D25682607009E847C /* NetworkClient.framework in Frameworks */,
			);
			runOnlyForDeploymentPostprocessing = 0;
		};
/* End PBXFrameworksBuildPhase section */

/* Begin PBXGroup section */
		23A1A8C225663CED009E847C /* Libraries */ = {
			isa = PBXGroup;
			children = (
				F71F074925B64D0800E633A0 /* DependencyKit.xcodeproj */,
				23A1A94F25665456009E847C /* NetworkClient.xcodeproj */,
			);
			path = Libraries;
			sourceTree = "<group>";
		};
		23A1A95025665456009E847C /* Products */ = {
			isa = PBXGroup;
			children = (
				23A1A95425665457009E847C /* NetworkClient.framework */,
			);
			name = Products;
			sourceTree = "<group>";
		};
		23A1A9E12567794C009E847C /* Config */ = {
			isa = PBXGroup;
			children = (
				F7C1E69125FEA70700B7F419 /* DIConfig.yaml */,
				23FF9ECA25643C3800266ABE /* Assets.xcassets */,
				23A1A9BD25668591009E847C /* DIDemoApp.entitlements */,
				23FF9ED225643C3900266ABE /* Info.plist */,
			);
			path = Config;
			sourceTree = "<group>";
		};
		23B7759B2564424300D5CC4B /* __generated__ */ = {
			isa = PBXGroup;
			children = (
				23B775962564421200D5CC4B /* Generated.swift */,
			);
			path = __generated__;
			sourceTree = "<group>";
		};
		23B7759C256442F400D5CC4B /* Frameworks */ = {
			isa = PBXGroup;
			children = (
				23A1AA5025682673009E847C /* DependencyKit.framework */,
			);
			name = Frameworks;
			sourceTree = "<group>";
		};
		23FF9EC225643C3800266ABE = {
			isa = PBXGroup;
			children = (
				23FF9EC725643C3800266ABE /* App */,
				23A1A9E12567794C009E847C /* Config */,
				23A1A8C225663CED009E847C /* Libraries */,
				23FF9ED025643C3900266ABE /* Products */,
				23B7759C256442F400D5CC4B /* Frameworks */,
			);
			sourceTree = "<group>";
		};
		23FF9EC725643C3800266ABE /* App */ = {
			isa = PBXGroup;
			children = (
				23B7759B2564424300D5CC4B /* __generated__ */,
				F7C1E67725F5C8D100B7F419 /* App */,
				F7C1E67625F5C8C000B7F419 /* Utilities */,
				23FF9EE925643C5D00266ABE /* Resources */,
				23FF9F1625643FBF00266ABE /* DIUsage.swift */,
			);
			path = App;
			sourceTree = "<group>";
		};
		23FF9ED025643C3900266ABE /* Products */ = {
			isa = PBXGroup;
			children = (
				23FF9ECF25643C3900266ABE /* DemoApp.app */,
			);
			name = Products;
			sourceTree = "<group>";
		};
		23FF9EE925643C5D00266ABE /* Resources */ = {
			isa = PBXGroup;
			children = (
				23FF9F0325643CB400266ABE /* ScopeZeroResource.swift */,
				F7C1E67325F5C7FD00B7F419 /* ScopeOneResource.swift */,
				F7C1E67225F5C7FD00B7F419 /* ScopeTwoResource.swift */,
				F7C1E67D25F6A2BA00B7F419 /* ScopeThreeResource.swift */,
			);
			path = Resources;
			sourceTree = "<group>";
		};
		F71F074A25B64D0800E633A0 /* Products */ = {
			isa = PBXGroup;
			children = (
				F71F074E25B64D0800E633A0 /* DependencyKit.framework */,
			);
			name = Products;
			sourceTree = "<group>";
		};
		F7C1E67625F5C8C000B7F419 /* Utilities */ = {
			isa = PBXGroup;
			children = (
				235FB5932569D032000B575A /* TimingNetworkMonitor.swift */,
			);
			path = Utilities;
			sourceTree = "<group>";
		};
		F7C1E67725F5C8D100B7F419 /* App */ = {
			isa = PBXGroup;
			children = (
				23FF9EC825643C3800266ABE /* DIDemoApp.swift */,
				23FF9EC925643C3800266ABE /* ContentView.swift */,
			);
			path = App;
			sourceTree = "<group>";
		};
/* End PBXGroup section */

/* Begin PBXNativeTarget section */
		23FF9ECE25643C3900266ABE /* DemoApp */ = {
			isa = PBXNativeTarget;
			buildConfigurationList = 23FF9EE325643C3900266ABE /* Build configuration list for PBXNativeTarget "DemoApp" */;
			buildPhases = (
				23FF9ECB25643C3900266ABE /* Sources */,
				23FF9ECC25643C3900266ABE /* Frameworks */,
				23FF9ECD25643C3900266ABE /* Resources */,
				23A1AA4F25682608009E847C /* Embed Frameworks */,
			);
			buildRules = (
			);
			dependencies = (
			);
			name = DemoApp;
			packageProductDependencies = (
			);
			productName = "DIDemoApp (iOS)";
			productReference = 23FF9ECF25643C3900266ABE /* DemoApp.app */;
			productType = "com.apple.product-type.application";
		};
/* End PBXNativeTarget section */

/* Begin PBXProject section */
		23FF9EC325643C3800266ABE /* Project object */ = {
			isa = PBXProject;
			attributes = {
				LastSwiftUpdateCheck = 1200;
				LastUpgradeCheck = 1220;
				TargetAttributes = {
					23FF9ECE25643C3900266ABE = {
						CreatedOnToolsVersion = 12.0;
					};
				};
			};
			buildConfigurationList = 23FF9EC625643C3800266ABE /* Build configuration list for PBXProject "DemoApp" */;
			compatibilityVersion = "Xcode 9.3";
			developmentRegion = en;
			hasScannedForEncodings = 0;
			knownRegions = (
				en,
				Base,
			);
			mainGroup = 23FF9EC225643C3800266ABE;
			productRefGroup = 23FF9ED025643C3900266ABE /* Products */;
			projectDirPath = "";
			projectReferences = (
				{
					ProductGroup = F71F074A25B64D0800E633A0 /* Products */;
					ProjectRef = F71F074925B64D0800E633A0 /* DependencyKit.xcodeproj */;
				},
				{
					ProductGroup = 23A1A95025665456009E847C /* Products */;
					ProjectRef = 23A1A94F25665456009E847C /* NetworkClient.xcodeproj */;
				},
			);
			projectRoot = "";
			targets = (
				23FF9ECE25643C3900266ABE /* DemoApp */,
			);
		};
/* End PBXProject section */

/* Begin PBXReferenceProxy section */
		23A1A95425665457009E847C /* NetworkClient.framework */ = {
			isa = PBXReferenceProxy;
			fileType = wrapper.framework;
			path = NetworkClient.framework;
			remoteRef = 23A1A95325665457009E847C /* PBXContainerItemProxy */;
			sourceTree = BUILT_PRODUCTS_DIR;
		};
		F71F074E25B64D0800E633A0 /* DependencyKit.framework */ = {
			isa = PBXReferenceProxy;
			fileType = wrapper.framework;
			path = DependencyKit.framework;
			remoteRef = F71F074D25B64D0800E633A0 /* PBXContainerItemProxy */;
			sourceTree = BUILT_PRODUCTS_DIR;
		};
/* End PBXReferenceProxy section */

/* Begin PBXResourcesBuildPhase section */
		23FF9ECD25643C3900266ABE /* Resources */ = {
			isa = PBXResourcesBuildPhase;
			buildActionMask = 2147483647;
			files = (
				23FF9EDF25643C3900266ABE /* Assets.xcassets in Resources */,
			);
			runOnlyForDeploymentPostprocessing = 0;
		};
/* End PBXResourcesBuildPhase section */

/* Begin PBXSourcesBuildPhase section */
		23FF9ECB25643C3900266ABE /* Sources */ = {
			isa = PBXSourcesBuildPhase;
			buildActionMask = 2147483647;
			files = (
				23FF9EDD25643C3900266ABE /* ContentView.swift in Sources */,
				23FF9F1725643FBF00266ABE /* DIUsage.swift in Sources */,
				23FF9F0825643CB400266ABE /* ScopeZeroResource.swift in Sources */,
				F7C1E67525F5C7FD00B7F419 /* ScopeOneResource.swift in Sources */,
				23B775972564421200D5CC4B /* Generated.swift in Sources */,
				23FF9EDB25643C3900266ABE /* DIDemoApp.swift in Sources */,
				235FB5942569D032000B575A /* TimingNetworkMonitor.swift in Sources */,
				F7C1E67425F5C7FD00B7F419 /* ScopeTwoResource.swift in Sources */,
				F7C1E67E25F6A2BA00B7F419 /* ScopeThreeResource.swift in Sources */,
			);
			runOnlyForDeploymentPostprocessing = 0;
		};
/* End PBXSourcesBuildPhase section */

/* Begin XCBuildConfiguration section */
		23FF9EE125643C3900266ABE /* Debug */ = {
			isa = XCBuildConfiguration;
			buildSettings = {
				ALWAYS_SEARCH_USER_PATHS = NO;
				CLANG_ANALYZER_NONNULL = YES;
				CLANG_ANALYZER_NUMBER_OBJECT_CONVERSION = YES_AGGRESSIVE;
				CLANG_CXX_LANGUAGE_STANDARD = "gnu++14";
				CLANG_CXX_LIBRARY = "libc++";
				CLANG_ENABLE_MODULES = YES;
				CLANG_ENABLE_OBJC_ARC = YES;
				CLANG_ENABLE_OBJC_WEAK = YES;
				CLANG_WARN_BLOCK_CAPTURE_AUTORELEASING = YES;
				CLANG_WARN_BOOL_CONVERSION = YES;
				CLANG_WARN_COMMA = YES;
				CLANG_WARN_CONSTANT_CONVERSION = YES;
				CLANG_WARN_DEPRECATED_OBJC_IMPLEMENTATIONS = YES;
				CLANG_WARN_DIRECT_OBJC_ISA_USAGE = YES_ERROR;
				CLANG_WARN_DOCUMENTATION_COMMENTS = YES;
				CLANG_WARN_EMPTY_BODY = YES;
				CLANG_WARN_ENUM_CONVERSION = YES;
				CLANG_WARN_INFINITE_RECURSION = YES;
				CLANG_WARN_INT_CONVERSION = YES;
				CLANG_WARN_NON_LITERAL_NULL_CONVERSION = YES;
				CLANG_WARN_OBJC_IMPLICIT_RETAIN_SELF = YES;
				CLANG_WARN_OBJC_LITERAL_CONVERSION = YES;
				CLANG_WARN_OBJC_ROOT_CLASS = YES_ERROR;
				CLANG_WARN_QUOTED_INCLUDE_IN_FRAMEWORK_HEADER = YES;
				CLANG_WARN_RANGE_LOOP_ANALYSIS = YES;
				CLANG_WARN_STRICT_PROTOTYPES = YES;
				CLANG_WARN_SUSPICIOUS_MOVE = YES;
				CLANG_WARN_UNGUARDED_AVAILABILITY = YES_AGGRESSIVE;
				CLANG_WARN_UNREACHABLE_CODE = YES;
				CLANG_WARN__DUPLICATE_METHOD_MATCH = YES;
				COPY_PHASE_STRIP = NO;
				DEBUG_INFORMATION_FORMAT = dwarf;
				ENABLE_STRICT_OBJC_MSGSEND = YES;
				ENABLE_TESTABILITY = YES;
				GCC_C_LANGUAGE_STANDARD = gnu11;
				GCC_DYNAMIC_NO_PIC = NO;
				GCC_NO_COMMON_BLOCKS = YES;
				GCC_OPTIMIZATION_LEVEL = 0;
				GCC_PREPROCESSOR_DEFINITIONS = (
					"DEBUG=1",
					"$(inherited)",
				);
				GCC_WARN_64_TO_32_BIT_CONVERSION = YES;
				GCC_WARN_ABOUT_RETURN_TYPE = YES_ERROR;
				GCC_WARN_UNDECLARED_SELECTOR = YES;
				GCC_WARN_UNINITIALIZED_AUTOS = YES_AGGRESSIVE;
				GCC_WARN_UNUSED_FUNCTION = YES;
				GCC_WARN_UNUSED_VARIABLE = YES;
				IPHONEOS_DEPLOYMENT_TARGET = 14.2;
				MACOSX_DEPLOYMENT_TARGET = 11.0;
				MTL_ENABLE_DEBUG_INFO = INCLUDE_SOURCE;
				MTL_FAST_MATH = YES;
				ONLY_ACTIVE_ARCH = YES;
				SWIFT_ACTIVE_COMPILATION_CONDITIONS = DEBUG;
				SWIFT_OPTIMIZATION_LEVEL = "-Onone";
			};
			name = Debug;
		};
		23FF9EE225643C3900266ABE /* Release */ = {
			isa = XCBuildConfiguration;
			buildSettings = {
				ALWAYS_SEARCH_USER_PATHS = NO;
				CLANG_ANALYZER_NONNULL = YES;
				CLANG_ANALYZER_NUMBER_OBJECT_CONVERSION = YES_AGGRESSIVE;
				CLANG_CXX_LANGUAGE_STANDARD = "gnu++14";
				CLANG_CXX_LIBRARY = "libc++";
				CLANG_ENABLE_MODULES = YES;
				CLANG_ENABLE_OBJC_ARC = YES;
				CLANG_ENABLE_OBJC_WEAK = YES;
				CLANG_WARN_BLOCK_CAPTURE_AUTORELEASING = YES;
				CLANG_WARN_BOOL_CONVERSION = YES;
				CLANG_WARN_COMMA = YES;
				CLANG_WARN_CONSTANT_CONVERSION = YES;
				CLANG_WARN_DEPRECATED_OBJC_IMPLEMENTATIONS = YES;
				CLANG_WARN_DIRECT_OBJC_ISA_USAGE = YES_ERROR;
				CLANG_WARN_DOCUMENTATION_COMMENTS = YES;
				CLANG_WARN_EMPTY_BODY = YES;
				CLANG_WARN_ENUM_CONVERSION = YES;
				CLANG_WARN_INFINITE_RECURSION = YES;
				CLANG_WARN_INT_CONVERSION = YES;
				CLANG_WARN_NON_LITERAL_NULL_CONVERSION = YES;
				CLANG_WARN_OBJC_IMPLICIT_RETAIN_SELF = YES;
				CLANG_WARN_OBJC_LITERAL_CONVERSION = YES;
				CLANG_WARN_OBJC_ROOT_CLASS = YES_ERROR;
				CLANG_WARN_QUOTED_INCLUDE_IN_FRAMEWORK_HEADER = YES;
				CLANG_WARN_RANGE_LOOP_ANALYSIS = YES;
				CLANG_WARN_STRICT_PROTOTYPES = YES;
				CLANG_WARN_SUSPICIOUS_MOVE = YES;
				CLANG_WARN_UNGUARDED_AVAILABILITY = YES_AGGRESSIVE;
				CLANG_WARN_UNREACHABLE_CODE = YES;
				CLANG_WARN__DUPLICATE_METHOD_MATCH = YES;
				COPY_PHASE_STRIP = NO;
				DEBUG_INFORMATION_FORMAT = "dwarf-with-dsym";
				ENABLE_NS_ASSERTIONS = NO;
				ENABLE_STRICT_OBJC_MSGSEND = YES;
				GCC_C_LANGUAGE_STANDARD = gnu11;
				GCC_NO_COMMON_BLOCKS = YES;
				GCC_WARN_64_TO_32_BIT_CONVERSION = YES;
				GCC_WARN_ABOUT_RETURN_TYPE = YES_ERROR;
				GCC_WARN_UNDECLARED_SELECTOR = YES;
				GCC_WARN_UNINITIALIZED_AUTOS = YES_AGGRESSIVE;
				GCC_WARN_UNUSED_FUNCTION = YES;
				GCC_WARN_UNUSED_VARIABLE = YES;
				IPHONEOS_DEPLOYMENT_TARGET = 14.2;
				MACOSX_DEPLOYMENT_TARGET = 11.0;
				MTL_ENABLE_DEBUG_INFO = NO;
				MTL_FAST_MATH = YES;
				SWIFT_COMPILATION_MODE = wholemodule;
				SWIFT_OPTIMIZATION_LEVEL = "-O";
			};
			name = Release;
		};
		23FF9EE425643C3900266ABE /* Debug */ = {
			isa = XCBuildConfiguration;
			buildSettings = {
				ASSETCATALOG_COMPILER_APPICON_NAME = AppIcon;
				ASSETCATALOG_COMPILER_GLOBAL_ACCENT_COLOR_NAME = AccentColor;
				CODE_SIGN_ENTITLEMENTS = Config/DIDemoApp.entitlements;
				CODE_SIGN_STYLE = Automatic;
				DEVELOPMENT_TEAM = QC68T7ZF53;
				ENABLE_PREVIEWS = YES;
				INFOPLIST_FILE = Config/Info.plist;
				IPHONEOS_DEPLOYMENT_TARGET = 14.2;
				LD_RUNPATH_SEARCH_PATHS = (
					"$(inherited)",
					"@executable_path/Frameworks",
				);
				PRODUCT_BUNDLE_IDENTIFIER = "zerog-code.DIDemoApp";
				PRODUCT_NAME = DemoApp;
				SDKROOT = iphoneos;
				SUPPORTS_MACCATALYST = YES;
				SWIFT_VERSION = 5.0;
				TARGETED_DEVICE_FAMILY = "1,2";
			};
			name = Debug;
		};
		23FF9EE525643C3900266ABE /* Release */ = {
			isa = XCBuildConfiguration;
			buildSettings = {
				ASSETCATALOG_COMPILER_APPICON_NAME = AppIcon;
				ASSETCATALOG_COMPILER_GLOBAL_ACCENT_COLOR_NAME = AccentColor;
				CODE_SIGN_ENTITLEMENTS = Config/DIDemoApp.entitlements;
				CODE_SIGN_STYLE = Automatic;
				DEVELOPMENT_TEAM = QC68T7ZF53;
				ENABLE_PREVIEWS = YES;
				INFOPLIST_FILE = Config/Info.plist;
				IPHONEOS_DEPLOYMENT_TARGET = 14.2;
				LD_RUNPATH_SEARCH_PATHS = (
					"$(inherited)",
					"@executable_path/Frameworks",
				);
				PRODUCT_BUNDLE_IDENTIFIER = "zerog-code.DIDemoApp";
				PRODUCT_NAME = DemoApp;
				SDKROOT = iphoneos;
				SUPPORTS_MACCATALYST = YES;
				SWIFT_VERSION = 5.0;
				TARGETED_DEVICE_FAMILY = "1,2";
				VALIDATE_PRODUCT = YES;
			};
			name = Release;
		};
/* End XCBuildConfiguration section */

/* Begin XCConfigurationList section */
		23FF9EC625643C3800266ABE /* Build configuration list for PBXProject "DemoApp" */ = {
			isa = XCConfigurationList;
			buildConfigurations = (
				23FF9EE125643C3900266ABE /* Debug */,
				23FF9EE225643C3900266ABE /* Release */,
			);
			defaultConfigurationIsVisible = 0;
			defaultConfigurationName = Release;
		};
		23FF9EE325643C3900266ABE /* Build configuration list for PBXNativeTarget "DemoApp" */ = {
			isa = XCConfigurationList;
			buildConfigurations = (
				23FF9EE425643C3900266ABE /* Debug */,
				23FF9EE525643C3900266ABE /* Release */,
			);
			defaultConfigurationIsVisible = 0;
			defaultConfigurationName = Release;
		};
/* End XCConfigurationList section */
	};
	rootObject = 23FF9EC325643C3800266ABE /* Project object */;
}
